
Microsoft Visual Studio Solution File, Format Version 12.00
# Visual Studio Version 17
VisualStudioVersion = 17.5.33530.505
MinimumVisualStudioVersion = 10.0.40219.1
Project("{FAE04EC0-301F-11D3-BF4B-00C04F79EFBC}") = "WPF ZooManager", "WPF ZooManager\WPF ZooManager.csproj", "{F982245A-126C-489F-BF92-1AF1AE32850A}"
EndProject
Global
	GlobalSection(SolutionConfigurationPlatforms) = preSolution
		Debug|Any CPU = Debug|Any CPU
		Release|Any CPU = Release|Any CPU
	EndGlobalSection
	GlobalSection(ProjectConfigurationPlatforms) = postSolution
		{F982245A-126C-489F-BF92-1AF1AE32850A}.Debug|Any CPU.ActiveCfg = Debug|Any CPU
		{F982245A-126C-489F-BF92-1AF1AE32850A}.Debug|Any CPU.Build.0 = Debug|Any CPU
		{F982245A-126C-489F-BF92-1AF1AE32850A}.Release|Any CPU.ActiveCfg = Release|Any CPU
		{F982245A-126C-489F-BF92-1AF1AE32850A}.Release|Any CPU.Build.0 = Release|Any CPU
	EndGlobalSection
	GlobalSection(SolutionProperties) = preSolution
		HideSolutionNode = FALSE
	EndGlobalSection
	GlobalSection(ExtensibilityGlobals) = postSolution
		SolutionGuid = {975238EE-1CDB-4488-8550-00A55F28D097}
	EndGlobalSection
EndGlobal
